
Microsoft Visual Studio Solution File, Format Version 12.00
# Visual Studio 15
VisualStudioVersion = 15.0.28307.572
MinimumVisualStudioVersion = 10.0.40219.1
Project("{FAE04EC0-301F-11D3-BF4B-00C04F79EFBC}") = "StageManager", "StageManager\StageManager.csproj", "{389DC46E-5D81-4469-8437-5C989AD4C3B4}"
EndProject
Global
	GlobalSection(SolutionConfigurationPlatforms) = preSolution
		Debug|Any CPU = Debug|Any CPU
		Release|Any CPU = Release|Any CPU
	EndGlobalSection
	GlobalSection(ProjectConfigurationPlatforms) = postSolution
		{389DC46E-5D81-4469-8437-5C989AD4C3B4}.Debug|Any CPU.ActiveCfg = Debug|Any CPU
		{389DC46E-5D81-4469-8437-5C989AD4C3B4}.Debug|Any CPU.Build.0 = Debug|Any CPU
		{389DC46E-5D81-4469-8437-5C989AD4C3B4}.Release|Any CPU.ActiveCfg = Release|Any CPU
		{389DC46E-5D81-4469-8437-5C989AD4C3B4}.Release|Any CPU.Build.0 = Release|Any CPU
	EndGlobalSection
	GlobalSection(SolutionProperties) = preSolution
		HideSolutionNode = FALSE
	EndGlobalSection
	GlobalSection(ExtensibilityGlobals) = postSolution
		SolutionGuid = {82553189-9B33-43E0-8922-8CF1F58C7DC6}
	EndGlobalSection
EndGlobal
